
Microsoft Visual Studio Solution File, Format Version 12.00
# Visual Studio 2017
Project("{FAE04EC0-301F-11D3-BF4B-00C04F79EFBC}") = "GDD2-Proj-2", "GDD2-Proj-2.csproj", "{DAA71FB2-F6BC-D20E-7512-E6D5F3975036}"
EndProject
Global
	GlobalSection(SolutionConfigurationPlatforms) = preSolution
		Debug|Any CPU = Debug|Any CPU
		Release|Any CPU = Release|Any CPU
	EndGlobalSection
	GlobalSection(ProjectConfigurationPlatforms) = postSolution
		{DAA71FB2-F6BC-D20E-7512-E6D5F3975036}.Debug|Any CPU.ActiveCfg = Debug|Any CPU
		{DAA71FB2-F6BC-D20E-7512-E6D5F3975036}.Debug|Any CPU.Build.0 = Debug|Any CPU
		{DAA71FB2-F6BC-D20E-7512-E6D5F3975036}.Release|Any CPU.ActiveCfg = Release|Any CPU
		{DAA71FB2-F6BC-D20E-7512-E6D5F3975036}.Release|Any CPU.Build.0 = Release|Any CPU
	EndGlobalSection
	GlobalSection(SolutionProperties) = preSolution
		HideSolutionNode = FALSE
	EndGlobalSection
EndGlobal
