
Microsoft Visual Studio Solution File, Format Version 12.00
# Visual Studio 2015
Project("{FAE04EC0-301F-11D3-BF4B-00C04F79EFBC}") = "GDD2-Proj-2.CSharp", "GDD2-Proj-2.CSharp.csproj", "{21AE5EFD-A70C-9564-1AC1-B7A904AF5024}"
EndProject
Global
	GlobalSection(SolutionConfigurationPlatforms) = preSolution
		Debug|Any CPU = Debug|Any CPU
		Release|Any CPU = Release|Any CPU
	EndGlobalSection
	GlobalSection(ProjectConfigurationPlatforms) = postSolution
		{21AE5EFD-A70C-9564-1AC1-B7A904AF5024}.Debug|Any CPU.ActiveCfg = Debug|Any CPU
		{21AE5EFD-A70C-9564-1AC1-B7A904AF5024}.Debug|Any CPU.Build.0 = Debug|Any CPU
		{21AE5EFD-A70C-9564-1AC1-B7A904AF5024}.Release|Any CPU.ActiveCfg = Release|Any CPU
		{21AE5EFD-A70C-9564-1AC1-B7A904AF5024}.Release|Any CPU.Build.0 = Release|Any CPU
	EndGlobalSection
	GlobalSection(SolutionProperties) = preSolution
		HideSolutionNode = FALSE
	EndGlobalSection
EndGlobal
